
Microsoft Visual Studio Solution File, Format Version 12.00
# Visual Studio 15
VisualStudioVersion = 15.0.27004.2002
MinimumVisualStudioVersion = 10.0.40219.1
Project("{FAE04EC0-301F-11D3-BF4B-00C04F79EFBC}") = "CimobGrupo4", "CimobGrupo4\CimobGrupo4.csproj", "{9197DDD9-14F1-456C-AD3C-7CF82244E73F}"
EndProject
Global
	GlobalSection(SolutionConfigurationPlatforms) = preSolution
		Debug|Any CPU = Debug|Any CPU
		Release|Any CPU = Release|Any CPU
	EndGlobalSection
	GlobalSection(ProjectConfigurationPlatforms) = postSolution
		{9197DDD9-14F1-456C-AD3C-7CF82244E73F}.Debug|Any CPU.ActiveCfg = Debug|Any CPU
		{9197DDD9-14F1-456C-AD3C-7CF82244E73F}.Debug|Any CPU.Build.0 = Debug|Any CPU
		{9197DDD9-14F1-456C-AD3C-7CF82244E73F}.Release|Any CPU.ActiveCfg = Release|Any CPU
		{9197DDD9-14F1-456C-AD3C-7CF82244E73F}.Release|Any CPU.Build.0 = Release|Any CPU
	EndGlobalSection
	GlobalSection(SolutionProperties) = preSolution
		HideSolutionNode = FALSE
	EndGlobalSection
	GlobalSection(ExtensibilityGlobals) = postSolution
		SolutionGuid = {A81DB55C-A687-484E-9D5A-FB8828A6732E}
	EndGlobalSection
EndGlobal
